{
  "name": "puffin_rive",
  "lockfileVersion": 2,
  "requires": true,
  "packages": {
    "": {
      "dependencies": {
        "@rive-app/canvas": "^1.0.98"
      }
    },
    "node_modules/@rive-app/canvas": {
      "version": "1.0.98",
      "resolved": "https://registry.npmjs.org/@rive-app/canvas/-/canvas-1.0.98.tgz",
      "integrity": "sha512-dBsiM6ObIBHCUA/8RwCBDwlOSJ7+K3m4M0/OgPpgmvQ4Qw7d63ouSoOJxiwBeysu9dSqIVEXk9zR/pdqhAVCVQ=="
    }
  },
  "dependencies": {
    "@rive-app/canvas": {
      "version": "1.0.98",
      "resolved": "https://registry.npmjs.org/@rive-app/canvas/-/canvas-1.0.98.tgz",
      "integrity": "sha512-dBsiM6ObIBHCUA/8RwCBDwlOSJ7+K3m4M0/OgPpgmvQ4Qw7d63ouSoOJxiwBeysu9dSqIVEXk9zR/pdqhAVCVQ=="
    }
  }
}
